{
  "name": "bmultisig-client",
  "version": "0.0.4",
  "lockfileVersion": 1,
  "requires": true,
  "dependencies": {
    "bcfg": {
      "version": "0.1.5",
      "resolved": "https://registry.npmjs.org/bcfg/-/bcfg-0.1.5.tgz",
      "integrity": "sha512-a3dJQnXbBAl9wrhcki+H21mTtMKUJfdTuOcnGhDGSUQqpiBD5+uYfEvBz3vDFvBsuRguxV6Jp8kZQGwrMLQHPQ==",
      "requires": {
        "bsert": "~0.0.8"
      }
    },
    "bclient": {
      "version": "0.1.6",
      "resolved": "https://registry.npmjs.org/bclient/-/bclient-0.1.6.tgz",
      "integrity": "sha512-rn8vriv1krI0rr3oOK6Xh6eeHjUEewXq44EPvP6GAhzBJ3/k6UvCXPZDmSkn+UzOLaHqkZSirxBXoOHlnyF/Bg==",
      "requires": {
        "bcfg": "~0.1.5",
        "bcurl": "~0.1.5",
        "bsert": "~0.0.8"
      }
    },
    "bcurl": {
      "version": "0.1.5",
      "resolved": "https://registry.npmjs.org/bcurl/-/bcurl-0.1.5.tgz",
      "integrity": "sha512-X4B/fQoIAvSLn+tudTERyC+jSIGRztZ+DO9hS94Phy1OYsQqd2kWsxxX4AW1N09jJiCPzl0aCoLFoIrZP4Ofwg==",
      "requires": {
        "brq": "~0.1.6",
        "bsert": "~0.0.8",
        "bsock": "~0.1.5"
      }
    },
    "bmocha": {
      "version": "1.0.1",
      "resolved": "https://registry.npmjs.org/bmocha/-/bmocha-1.0.1.tgz",
      "integrity": "sha512-+G3VfsQcLi9k5TObEIkcq3p8Bh6WVLsuvB2CjuLFqiKMmxXOThFyAcPkGtvZsyN/jvIh81h2TSvYje2eiI9hmA==",
      "dev": true
    },
    "brq": {
      "version": "0.1.6",
      "resolved": "https://registry.npmjs.org/brq/-/brq-0.1.6.tgz",
      "integrity": "sha512-hMYRlyg6UTuWQq12bXVvwYWNIkv5WC6iDiT4a83EW3JHMCKaVe3/wwrmguhGtpLagh0ah5YxM3QtasHvcWX5GQ==",
      "requires": {
        "bsert": "~0.0.8"
      }
    },
    "bsert": {
      "version": "0.0.8",
      "resolved": "https://registry.npmjs.org/bsert/-/bsert-0.0.8.tgz",
      "integrity": "sha512-MzSxGNGymvJ2wAJ0lrC2cT+Irq2q+EMz5ijt8qXIxt02VoO+ZFWPNrmzNHGq6F8RJnIzzRmKz8mv1/j2xU1TQg=="
    },
    "bsock": {
      "version": "0.1.5",
      "resolved": "https://registry.npmjs.org/bsock/-/bsock-0.1.5.tgz",
      "integrity": "sha512-Q41VI1jX3hVbv8NBz+/HCvJXEN2/WVeXUJzooLE69LmVdsdwbN77v0pd5Efvz5+JNASV8iESfxitvdx/uknfNQ==",
      "requires": {
        "bsert": "~0.0.8"
      }
    }
  }
}
